
Microsoft Visual Studio Solution File, Format Version 12.00
# Visual Studio 15
VisualStudioVersion = 15.0.26730.16
MinimumVisualStudioVersion = 10.0.40219.1
Project("{FAE04EC0-301F-11D3-BF4B-00C04F79EFBC}") = "client", "ConsoleApp2\client.csproj", "{626ABA32-2A46-4FCF-851D-D1E04598779A}"
EndProject
Global
	GlobalSection(SolutionConfigurationPlatforms) = preSolution
		Debug|Any CPU = Debug|Any CPU
		Release|Any CPU = Release|Any CPU
	EndGlobalSection
	GlobalSection(ProjectConfigurationPlatforms) = postSolution
		{626ABA32-2A46-4FCF-851D-D1E04598779A}.Debug|Any CPU.ActiveCfg = Debug|Any CPU
		{626ABA32-2A46-4FCF-851D-D1E04598779A}.Debug|Any CPU.Build.0 = Debug|Any CPU
		{626ABA32-2A46-4FCF-851D-D1E04598779A}.Release|Any CPU.ActiveCfg = Release|Any CPU
		{626ABA32-2A46-4FCF-851D-D1E04598779A}.Release|Any CPU.Build.0 = Release|Any CPU
	EndGlobalSection
	GlobalSection(SolutionProperties) = preSolution
		HideSolutionNode = FALSE
	EndGlobalSection
	GlobalSection(ExtensibilityGlobals) = postSolution
		SolutionGuid = {907A9C3C-E8C0-4E17-A5CE-86958470F929}
	EndGlobalSection
EndGlobal
